# This file is generated by running "yarn install" inside your project.
# Manual changes might be lost - proceed with caution!

__metadata:
  version: 4
  cacheKey: 7

"@stimulus/core@npm:^2.0.0":
  version: 2.0.0
  resolution: "@stimulus/core@npm:2.0.0"
  dependencies:
    "@stimulus/mutation-observers": ^2.0.0
  checksum: b06659e55ea456e9624eb233d090a97b8ae24becb5bca6c8405a490899dc69141d7943d8eae066fa71f117395a348c35b1a407070654cdd03cf4d4afb1e9618b
  languageName: node
  linkType: hard

"@stimulus/multimap@npm:^2.0.0":
  version: 2.0.0
  resolution: "@stimulus/multimap@npm:2.0.0"
  checksum: 99b1a429764a586f9ef329a52b6f9c0f5d4710540c37b8fbd41c8b093335eab113a616b08ba8678965847ac70e8b552109187e2a5bb60493bdcd93879cc3837d
  languageName: node
  linkType: hard

"@stimulus/mutation-observers@npm:^2.0.0":
  version: 2.0.0
  resolution: "@stimulus/mutation-observers@npm:2.0.0"
  dependencies:
    "@stimulus/multimap": ^2.0.0
  checksum: 577ea4d03d9cdcae31cc4ec47ab84cea936f05651772578663804aa6c9c72b077535e5c2e55ee097225ac42539a3640b568af84266387822559afc9360b67ae4
  languageName: node
  linkType: hard

"@stimulus/webpack-helpers@npm:^2.0.0":
  version: 2.0.0
  resolution: "@stimulus/webpack-helpers@npm:2.0.0"
  checksum: 5298a20b1e18168a424e7ac894509f0d15ab762233abf2000e89769a6c9b087371fdc224e5c9edc5d236bd703ac147c022e04e3bf961675c47df37d64528aead
  languageName: node
  linkType: hard

"blog@workspace:.":
  version: 0.0.0-use.local
  resolution: "blog@workspace:."
  dependencies:
    stimulus: ^2.0.0
  languageName: unknown
  linkType: soft

"stimulus@npm:^2.0.0":
  version: 2.0.0
  resolution: "stimulus@npm:2.0.0"
  dependencies:
    "@stimulus/core": ^2.0.0
    "@stimulus/webpack-helpers": ^2.0.0
  checksum: 30e9a874b4ff4285664ca0c3bba579819c67b6546ee08c513b134c00d7907d15da6cc71c038a27081251506e8a88e81149bcef000d5e883e0737c5fe0aaa0fe3
  languageName: node
  linkType: hard
